
Microsoft Visual Studio Solution File, Format Version 12.00
# Visual Studio Version 17
VisualStudioVersion = 17.8.34330.188
MinimumVisualStudioVersion = 10.0.40219.1
Project("{9A19103F-16F7-4668-BE54-9A1E7A4F7556}") = "MusicTools", "MusicTools\MusicTools.csproj", "{D300F1B2-0E82-4884-9562-A15298A36CD5}"
EndProject
Project("{9A19103F-16F7-4668-BE54-9A1E7A4F7556}") = "MusicToolsCLI", "MusicToolsCLI\MusicToolsCLI.csproj", "{3FE89C01-3D90-4884-BD38-A832B2CEDC63}"
EndProject
Project("{9A19103F-16F7-4668-BE54-9A1E7A4F7556}") = "Tests", "Tests\Tests.csproj", "{65D07C11-3D6E-402A-A8BA-B70C4BF63AC7}"
EndProject
Project("{FAE04EC0-301F-11D3-BF4B-00C04F79EFBC}") = "Benchmarks", "Benchmarks\Benchmarks.csproj", "{8180EB60-BFE3-4B6C-A1FB-0BCE8BC8DC5D}"
EndProject
Global
	GlobalSection(SolutionConfigurationPlatforms) = preSolution
		Debug|Any CPU = Debug|Any CPU
		Release|Any CPU = Release|Any CPU
	EndGlobalSection
	GlobalSection(ProjectConfigurationPlatforms) = postSolution
		{D300F1B2-0E82-4884-9562-A15298A36CD5}.Debug|Any CPU.ActiveCfg = Debug|Any CPU
		{D300F1B2-0E82-4884-9562-A15298A36CD5}.Debug|Any CPU.Build.0 = Debug|Any CPU
		{D300F1B2-0E82-4884-9562-A15298A36CD5}.Release|Any CPU.ActiveCfg = Release|Any CPU
		{D300F1B2-0E82-4884-9562-A15298A36CD5}.Release|Any CPU.Build.0 = Release|Any CPU
		{3FE89C01-3D90-4884-BD38-A832B2CEDC63}.Debug|Any CPU.ActiveCfg = Debug|Any CPU
		{3FE89C01-3D90-4884-BD38-A832B2CEDC63}.Debug|Any CPU.Build.0 = Debug|Any CPU
		{3FE89C01-3D90-4884-BD38-A832B2CEDC63}.Release|Any CPU.ActiveCfg = Release|Any CPU
		{3FE89C01-3D90-4884-BD38-A832B2CEDC63}.Release|Any CPU.Build.0 = Release|Any CPU
		{65D07C11-3D6E-402A-A8BA-B70C4BF63AC7}.Debug|Any CPU.ActiveCfg = Debug|Any CPU
		{65D07C11-3D6E-402A-A8BA-B70C4BF63AC7}.Debug|Any CPU.Build.0 = Debug|Any CPU
		{65D07C11-3D6E-402A-A8BA-B70C4BF63AC7}.Release|Any CPU.ActiveCfg = Release|Any CPU
		{65D07C11-3D6E-402A-A8BA-B70C4BF63AC7}.Release|Any CPU.Build.0 = Release|Any CPU
		{8180EB60-BFE3-4B6C-A1FB-0BCE8BC8DC5D}.Debug|Any CPU.ActiveCfg = Debug|Any CPU
		{8180EB60-BFE3-4B6C-A1FB-0BCE8BC8DC5D}.Debug|Any CPU.Build.0 = Debug|Any CPU
		{8180EB60-BFE3-4B6C-A1FB-0BCE8BC8DC5D}.Release|Any CPU.ActiveCfg = Release|Any CPU
		{8180EB60-BFE3-4B6C-A1FB-0BCE8BC8DC5D}.Release|Any CPU.Build.0 = Release|Any CPU
	EndGlobalSection
	GlobalSection(SolutionProperties) = preSolution
		HideSolutionNode = FALSE
	EndGlobalSection
	GlobalSection(ExtensibilityGlobals) = postSolution
		SolutionGuid = {E0C14138-B56E-4000-9345-7B117D1F02AB}
	EndGlobalSection
EndGlobal
